
Microsoft Visual Studio Solution File, Format Version 12.00
# Visual Studio Version 16
VisualStudioVersion = 16.0.31729.503
MinimumVisualStudioVersion = 10.0.40219.1
Project("{FAE04EC0-301F-11D3-BF4B-00C04F79EFBC}") = "Agar.io-Server", "Agar.io-Server\Agar.io-Server.csproj", "{75C3BD7C-2B7F-4059-B777-165275D7434F}"
EndProject
Global
	GlobalSection(SolutionConfigurationPlatforms) = preSolution
		Debug|Any CPU = Debug|Any CPU
		Release|Any CPU = Release|Any CPU
	EndGlobalSection
	GlobalSection(ProjectConfigurationPlatforms) = postSolution
		{75C3BD7C-2B7F-4059-B777-165275D7434F}.Debug|Any CPU.ActiveCfg = Debug|Any CPU
		{75C3BD7C-2B7F-4059-B777-165275D7434F}.Debug|Any CPU.Build.0 = Debug|Any CPU
		{75C3BD7C-2B7F-4059-B777-165275D7434F}.Release|Any CPU.ActiveCfg = Release|Any CPU
		{75C3BD7C-2B7F-4059-B777-165275D7434F}.Release|Any CPU.Build.0 = Release|Any CPU
	EndGlobalSection
	GlobalSection(SolutionProperties) = preSolution
		HideSolutionNode = FALSE
	EndGlobalSection
	GlobalSection(ExtensibilityGlobals) = postSolution
		SolutionGuid = {A94CB11F-DFEB-48F8-A441-19E75C955620}
	EndGlobalSection
EndGlobal
